
Microsoft Visual Studio Solution File, Format Version 12.00
# Visual Studio Version 16
VisualStudioVersion = 16.0.31129.286
MinimumVisualStudioVersion = 10.0.40219.1
Project("{FAE04EC0-301F-11D3-BF4B-00C04F79EFBC}") = "Employees GET Method", "Employees GET Method\Employees GET Method.csproj", "{B10C7A06-FEF1-4905-BCF6-AAE90694BD0F}"
EndProject
Global
	GlobalSection(SolutionConfigurationPlatforms) = preSolution
		Debug|Any CPU = Debug|Any CPU
		Release|Any CPU = Release|Any CPU
	EndGlobalSection
	GlobalSection(ProjectConfigurationPlatforms) = postSolution
		{B10C7A06-FEF1-4905-BCF6-AAE90694BD0F}.Debug|Any CPU.ActiveCfg = Debug|Any CPU
		{B10C7A06-FEF1-4905-BCF6-AAE90694BD0F}.Debug|Any CPU.Build.0 = Debug|Any CPU
		{B10C7A06-FEF1-4905-BCF6-AAE90694BD0F}.Release|Any CPU.ActiveCfg = Release|Any CPU
		{B10C7A06-FEF1-4905-BCF6-AAE90694BD0F}.Release|Any CPU.Build.0 = Release|Any CPU
	EndGlobalSection
	GlobalSection(SolutionProperties) = preSolution
		HideSolutionNode = FALSE
	EndGlobalSection
	GlobalSection(ExtensibilityGlobals) = postSolution
		SolutionGuid = {CEE044B8-031E-4283-81BF-9EBE4F817F2F}
	EndGlobalSection
EndGlobal
